
Microsoft Visual Studio Solution File, Format Version 12.00
Project("{FAE04EC0-301F-11D3-BF4B-00C04F79EFBC}") = "Storehouse", "Storehouse\Storehouse.csproj", "{938893C6-E7F1-49B1-860C-346AF53D8002}"
EndProject
Project("{FAE04EC0-301F-11D3-BF4B-00C04F79EFBC}") = "DAL", "DAL\DAL.csproj", "{C400D8BE-5AE8-427E-B05D-692E9EA84767}"
EndProject
Project("{FAE04EC0-301F-11D3-BF4B-00C04F79EFBC}") = "BLL", "BLL\BLL.csproj", "{98B2B581-37F1-4884-9915-06C2ECE92197}"
EndProject
Global
	GlobalSection(SolutionConfigurationPlatforms) = preSolution
		Debug|Any CPU = Debug|Any CPU
		Release|Any CPU = Release|Any CPU
	EndGlobalSection
	GlobalSection(ProjectConfigurationPlatforms) = postSolution
		{938893C6-E7F1-49B1-860C-346AF53D8002}.Debug|Any CPU.ActiveCfg = Debug|Any CPU
		{938893C6-E7F1-49B1-860C-346AF53D8002}.Debug|Any CPU.Build.0 = Debug|Any CPU
		{938893C6-E7F1-49B1-860C-346AF53D8002}.Release|Any CPU.ActiveCfg = Release|Any CPU
		{938893C6-E7F1-49B1-860C-346AF53D8002}.Release|Any CPU.Build.0 = Release|Any CPU
		{C400D8BE-5AE8-427E-B05D-692E9EA84767}.Debug|Any CPU.ActiveCfg = Debug|Any CPU
		{C400D8BE-5AE8-427E-B05D-692E9EA84767}.Debug|Any CPU.Build.0 = Debug|Any CPU
		{C400D8BE-5AE8-427E-B05D-692E9EA84767}.Release|Any CPU.ActiveCfg = Release|Any CPU
		{C400D8BE-5AE8-427E-B05D-692E9EA84767}.Release|Any CPU.Build.0 = Release|Any CPU
		{98B2B581-37F1-4884-9915-06C2ECE92197}.Debug|Any CPU.ActiveCfg = Debug|Any CPU
		{98B2B581-37F1-4884-9915-06C2ECE92197}.Debug|Any CPU.Build.0 = Debug|Any CPU
		{98B2B581-37F1-4884-9915-06C2ECE92197}.Release|Any CPU.ActiveCfg = Release|Any CPU
		{98B2B581-37F1-4884-9915-06C2ECE92197}.Release|Any CPU.Build.0 = Release|Any CPU
	EndGlobalSection
	GlobalSection(NestedProjects) = preSolution
	EndGlobalSection
EndGlobal
